dependencies:
- name: postgresql
  repository: https://charts.bitnami.com/bitnami
  version: 14.2.3
- name: prometheus-postgres-exporter
  repository: https://prometheus-community.github.io/helm-charts
  version: 5.3.0
digest: sha256:35cbaaa4b9cbbad13713d023fda6bc338688323d9834ccd7dfbaaab2f00e537f
generated: "2024-03-07T00:27:38.698895725+03:00"
